
Microsoft Visual Studio Solution File, Format Version 12.00
# Visual Studio Version 17
VisualStudioVersion = 17.14.36109.1 d17.14
MinimumVisualStudioVersion = 10.0.40219.1
Project("{FAE04EC0-301F-11D3-BF4B-00C04F79EFBC}") = "RentalManagement.API", "RentalManagement.API.csproj", "{7EDFB0EC-C8BC-4AFB-A16C-ED31FDD948D6}"
EndProject
Project("{FAE04EC0-301F-11D3-BF4B-00C04F79EFBC}") = "RentalManagement.Tests", "RentalManagement.Tests\RentalManagement.Tests.csproj", "{5B0BC852-890C-4446-807B-471E360FC42E}"
EndProject
Global
	GlobalSection(SolutionConfigurationPlatforms) = preSolution
		Debug|Any CPU = Debug|Any CPU
		Release|Any CPU = Release|Any CPU
	EndGlobalSection
	GlobalSection(ProjectConfigurationPlatforms) = postSolution
                {7EDFB0EC-C8BC-4AFB-A16C-ED31FDD948D6}.Debug|Any CPU.ActiveCfg = Debug|Any CPU
                {7EDFB0EC-C8BC-4AFB-A16C-ED31FDD948D6}.Debug|Any CPU.Build.0 = Debug|Any CPU
                {7EDFB0EC-C8BC-4AFB-A16C-ED31FDD948D6}.Release|Any CPU.ActiveCfg = Release|Any CPU
                {7EDFB0EC-C8BC-4AFB-A16C-ED31FDD948D6}.Release|Any CPU.Build.0 = Release|Any CPU
                {5B0BC852-890C-4446-807B-471E360FC42E}.Debug|Any CPU.ActiveCfg = Debug|Any CPU
                {5B0BC852-890C-4446-807B-471E360FC42E}.Debug|Any CPU.Build.0 = Debug|Any CPU
                {5B0BC852-890C-4446-807B-471E360FC42E}.Release|Any CPU.ActiveCfg = Release|Any CPU
                {5B0BC852-890C-4446-807B-471E360FC42E}.Release|Any CPU.Build.0 = Release|Any CPU
        EndGlobalSection
	GlobalSection(SolutionProperties) = preSolution
		HideSolutionNode = FALSE
	EndGlobalSection
	GlobalSection(ExtensibilityGlobals) = postSolution
		SolutionGuid = {5E8D7C6D-477B-4D4E-9395-7C58064FB0CE}
	EndGlobalSection
EndGlobal
